
Microsoft Visual Studio Solution File, Format Version 12.00
# Visual Studio 15
VisualStudioVersion = 15.0.28307.645
MinimumVisualStudioVersion = 10.0.40219.1
Project("{FAE04EC0-301F-11D3-BF4B-00C04F79EFBC}") = "PhotoPickerFactory.Android", "PhotoPickerFactory\PhotoPickerFactory.Android\PhotoPickerFactory.Android.csproj", "{C6DC8587-AFB3-4C9D-90D0-356B9F676F62}"
EndProject
Project("{FAE04EC0-301F-11D3-BF4B-00C04F79EFBC}") = "PhotoPickerFactory.iOS", "PhotoPickerFactory\PhotoPickerFactory.iOS\PhotoPickerFactory.iOS.csproj", "{280663F4-62EB-4884-94B4-06BD547D0FB9}"
EndProject
Project("{FAE04EC0-301F-11D3-BF4B-00C04F79EFBC}") = "PhotoPickerFactory.UWP", "PhotoPickerFactory\PhotoPickerFactory.UWP\PhotoPickerFactory.UWP.csproj", "{44C0F704-3F60-4A21-A707-FEBEF2F52658}"
EndProject
Project("{FAE04EC0-301F-11D3-BF4B-00C04F79EFBC}") = "PhotoPickerFactory", "PhotoPickerFactory\PhotoPickerFactory\PhotoPickerFactory.csproj", "{E60C6F13-64F6-4301-AB7D-A28B704BD18B}"
EndProject
Global
	GlobalSection(SolutionConfigurationPlatforms) = preSolution
		Ad-Hoc|Any CPU = Ad-Hoc|Any CPU
		Ad-Hoc|ARM = Ad-Hoc|ARM
		Ad-Hoc|iPhone = Ad-Hoc|iPhone
		Ad-Hoc|iPhoneSimulator = Ad-Hoc|iPhoneSimulator
		Ad-Hoc|x64 = Ad-Hoc|x64
		Ad-Hoc|x86 = Ad-Hoc|x86
		AppStore|Any CPU = AppStore|Any CPU
		AppStore|ARM = AppStore|ARM
		AppStore|iPhone = AppStore|iPhone
		AppStore|iPhoneSimulator = AppStore|iPhoneSimulator
		AppStore|x64 = AppStore|x64
		AppStore|x86 = AppStore|x86
		Debug|Any CPU = Debug|Any CPU
		Debug|ARM = Debug|ARM
		Debug|iPhone = Debug|iPhone
		Debug|iPhoneSimulator = Debug|iPhoneSimulator
		Debug|x64 = Debug|x64
		Debug|x86 = Debug|x86
		Release|Any CPU = Release|Any CPU
		Release|ARM = Release|ARM
		Release|iPhone = Release|iPhone
		Release|iPhoneSimulator = Release|iPhoneSimulator
		Release|x64 = Release|x64
		Release|x86 = Release|x86
	EndGlobalSection
	GlobalSection(ProjectConfigurationPlatforms) = postSolution
		{C6DC8587-AFB3-4C9D-90D0-356B9F676F62}.Ad-Hoc|Any CPU.ActiveCfg = Release|Any CPU
		{C6DC8587-AFB3-4C9D-90D0-356B9F676F62}.Ad-Hoc|Any CPU.Build.0 = Release|Any CPU
		{C6DC8587-AFB3-4C9D-90D0-356B9F676F62}.Ad-Hoc|Any CPU.Deploy.0 = Release|Any CPU
		{C6DC8587-AFB3-4C9D-90D0-356B9F676F62}.Ad-Hoc|ARM.ActiveCfg = Release|Any CPU
		{C6DC8587-AFB3-4C9D-90D0-356B9F676F62}.Ad-Hoc|ARM.Build.0 = Release|Any CPU
		{C6DC8587-AFB3-4C9D-90D0-356B9F676F62}.Ad-Hoc|ARM.Deploy.0 = Release|Any CPU
		{C6DC8587-AFB3-4C9D-90D0-356B9F676F62}.Ad-Hoc|iPhone.ActiveCfg = Release|Any CPU
		{C6DC8587-AFB3-4C9D-90D0-356B9F676F62}.Ad-Hoc|iPhone.Build.0 = Release|Any CPU
		{C6DC8587-AFB3-4C9D-90D0-356B9F676F62}.Ad-Hoc|iPhone.Deploy.0 = Release|Any CPU
		{C6DC8587-AFB3-4C9D-90D0-356B9F676F62}.Ad-Hoc|iPhoneSimulator.ActiveCfg = Release|Any CPU
		{C6DC8587-AFB3-4C9D-90D0-356B9F676F62}.Ad-Hoc|iPhoneSimulator.Build.0 = Release|Any CPU
		{C6DC8587-AFB3-4C9D-90D0-356B9F676F62}.Ad-Hoc|iPhoneSimulator.Deploy.0 = Release|Any CPU
		{C6DC8587-AFB3-4C9D-90D0-356B9F676F62}.Ad-Hoc|x64.ActiveCfg = Release|Any CPU
		{C6DC8587-AFB3-4C9D-90D0-356B9F676F62}.Ad-Hoc|x64.Build.0 = Release|Any CPU
		{C6DC8587-AFB3-4C9D-90D0-356B9F676F62}.Ad-Hoc|x64.Deploy.0 = Release|Any CPU
		{C6DC8587-AFB3-4C9D-90D0-356B9F676F62}.Ad-Hoc|x86.ActiveCfg = Release|Any CPU
		{C6DC8587-AFB3-4C9D-90D0-356B9F676F62}.Ad-Hoc|x86.Build.0 = Release|Any CPU
		{C6DC8587-AFB3-4C9D-90D0-356B9F676F62}.Ad-Hoc|x86.Deploy.0 = Release|Any CPU
		{C6DC8587-AFB3-4C9D-90D0-356B9F676F62}.AppStore|Any CPU.ActiveCfg = Release|Any CPU
		{C6DC8587-AFB3-4C9D-90D0-356B9F676F62}.AppStore|Any CPU.Build.0 = Release|Any CPU
		{C6DC8587-AFB3-4C9D-90D0-356B9F676F62}.AppStore|Any CPU.Deploy.0 = Release|Any CPU
		{C6DC8587-AFB3-4C9D-90D0-356B9F676F62}.AppStore|ARM.ActiveCfg = Release|Any CPU
		{C6DC8587-AFB3-4C9D-90D0-356B9F676F62}.AppStore|ARM.Build.0 = Release|Any CPU
		{C6DC8587-AFB3-4C9D-90D0-356B9F676F62}.AppStore|ARM.Deploy.0 = Release|Any CPU
		{C6DC8587-AFB3-4C9D-90D0-356B9F676F62}.AppStore|iPhone.ActiveCfg = Release|Any CPU
		{C6DC8587-AFB3-4C9D-90D0-356B9F676F62}.AppStore|iPhone.Build.0 = Release|Any CPU
		{C6DC8587-AFB3-4C9D-90D0-356B9F676F62}.AppStore|iPhone.Deploy.0 = Release|Any CPU
		{C6DC8587-AFB3-4C9D-90D0-356B9F676F62}.AppStore|iPhoneSimulator.ActiveCfg = Release|Any CPU
		{C6DC8587-AFB3-4C9D-90D0-356B9F676F62}.AppStore|iPhoneSimulator.Build.0 = Release|Any CPU
		{C6DC8587-AFB3-4C9D-90D0-356B9F676F62}.AppStore|iPhoneSimulator.Deploy.0 = Release|Any CPU
		{C6DC8587-AFB3-4C9D-90D0-356B9F676F62}.AppStore|x64.ActiveCfg = Release|Any CPU
		{C6DC8587-AFB3-4C9D-90D0-356B9F676F62}.AppStore|x64.Build.0 = Release|Any CPU
		{C6DC8587-AFB3-4C9D-90D0-356B9F676F62}.AppStore|x64.Deploy.0 = Release|Any CPU
		{C6DC8587-AFB3-4C9D-90D0-356B9F676F62}.AppStore|x86.ActiveCfg = Release|Any CPU
		{C6DC8587-AFB3-4C9D-90D0-356B9F676F62}.AppStore|x86.Build.0 = Release|Any CPU
		{C6DC8587-AFB3-4C9D-90D0-356B9F676F62}.AppStore|x86.Deploy.0 = Release|Any CPU
		{C6DC8587-AFB3-4C9D-90D0-356B9F676F62}.Debug|Any CPU.ActiveCfg = Debug|Any CPU
		{C6DC8587-AFB3-4C9D-90D0-356B9F676F62}.Debug|Any CPU.Build.0 = Debug|Any CPU
		{C6DC8587-AFB3-4C9D-90D0-356B9F676F62}.Debug|Any CPU.Deploy.0 = Debug|Any CPU
		{C6DC8587-AFB3-4C9D-90D0-356B9F676F62}.Debug|ARM.ActiveCfg = Debug|Any CPU
		{C6DC8587-AFB3-4C9D-90D0-356B9F676F62}.Debug|ARM.Build.0 = Debug|Any CPU
		{C6DC8587-AFB3-4C9D-90D0-356B9F676F62}.Debug|ARM.Deploy.0 = Debug|Any CPU
		{C6DC8587-AFB3-4C9D-90D0-356B9F676F62}.Debug|iPhone.ActiveCfg = Debug|Any CPU
		{C6DC8587-AFB3-4C9D-90D0-356B9F676F62}.Debug|iPhone.Build.0 = Debug|Any CPU
		{C6DC8587-AFB3-4C9D-90D0-356B9F676F62}.Debug|iPhone.Deploy.0 = Debug|Any CPU
		{C6DC8587-AFB3-4C9D-90D0-356B9F676F62}.Debug|iPhoneSimulator.ActiveCfg = Debug|Any CPU
		{C6DC8587-AFB3-4C9D-90D0-356B9F676F62}.Debug|iPhoneSimulator.Build.0 = Debug|Any CPU
		{C6DC8587-AFB3-4C9D-90D0-356B9F676F62}.Debug|iPhoneSimulator.Deploy.0 = Debug|Any CPU
		{C6DC8587-AFB3-4C9D-90D0-356B9F676F62}.Debug|x64.ActiveCfg = Debug|Any CPU
		{C6DC8587-AFB3-4C9D-90D0-356B9F676F62}.Debug|x64.Build.0 = Debug|Any CPU
		{C6DC8587-AFB3-4C9D-90D0-356B9F676F62}.Debug|x64.Deploy.0 = Debug|Any CPU
		{C6DC8587-AFB3-4C9D-90D0-356B9F676F62}.Debug|x86.ActiveCfg = Debug|Any CPU
		{C6DC8587-AFB3-4C9D-90D0-356B9F676F62}.Debug|x86.Build.0 = Debug|Any CPU
		{C6DC8587-AFB3-4C9D-90D0-356B9F676F62}.Debug|x86.Deploy.0 = Debug|Any CPU
		{C6DC8587-AFB3-4C9D-90D0-356B9F676F62}.Release|Any CPU.ActiveCfg = Release|Any CPU
		{C6DC8587-AFB3-4C9D-90D0-356B9F676F62}.Release|Any CPU.Build.0 = Release|Any CPU
		{C6DC8587-AFB3-4C9D-90D0-356B9F676F62}.Release|Any CPU.Deploy.0 = Release|Any CPU
		{C6DC8587-AFB3-4C9D-90D0-356B9F676F62}.Release|ARM.ActiveCfg = Release|Any CPU
		{C6DC8587-AFB3-4C9D-90D0-356B9F676F62}.Release|ARM.Build.0 = Release|Any CPU
		{C6DC8587-AFB3-4C9D-90D0-356B9F676F62}.Release|ARM.Deploy.0 = Release|Any CPU
		{C6DC8587-AFB3-4C9D-90D0-356B9F676F62}.Release|iPhone.ActiveCfg = Release|Any CPU
		{C6DC8587-AFB3-4C9D-90D0-356B9F676F62}.Release|iPhone.Build.0 = Release|Any CPU
		{C6DC8587-AFB3-4C9D-90D0-356B9F676F62}.Release|iPhone.Deploy.0 = Release|Any CPU
		{C6DC8587-AFB3-4C9D-90D0-356B9F676F62}.Release|iPhoneSimulator.ActiveCfg = Release|Any CPU
		{C6DC8587-AFB3-4C9D-90D0-356B9F676F62}.Release|iPhoneSimulator.Build.0 = Release|Any CPU
		{C6DC8587-AFB3-4C9D-90D0-356B9F676F62}.Release|iPhoneSimulator.Deploy.0 = Release|Any CPU
		{C6DC8587-AFB3-4C9D-90D0-356B9F676F62}.Release|x64.ActiveCfg = Release|Any CPU
		{C6DC8587-AFB3-4C9D-90D0-356B9F676F62}.Release|x64.Build.0 = Release|Any CPU
		{C6DC8587-AFB3-4C9D-90D0-356B9F676F62}.Release|x64.Deploy.0 = Release|Any CPU
		{C6DC8587-AFB3-4C9D-90D0-356B9F676F62}.Release|x86.ActiveCfg = Release|Any CPU
		{C6DC8587-AFB3-4C9D-90D0-356B9F676F62}.Release|x86.Build.0 = Release|Any CPU
		{C6DC8587-AFB3-4C9D-90D0-356B9F676F62}.Release|x86.Deploy.0 = Release|Any CPU
		{280663F4-62EB-4884-94B4-06BD547D0FB9}.Ad-Hoc|Any CPU.ActiveCfg = Ad-Hoc|iPhone
		{280663F4-62EB-4884-94B4-06BD547D0FB9}.Ad-Hoc|Any CPU.Build.0 = Ad-Hoc|iPhone
		{280663F4-62EB-4884-94B4-06BD547D0FB9}.Ad-Hoc|Any CPU.Deploy.0 = Ad-Hoc|iPhone
		{280663F4-62EB-4884-94B4-06BD547D0FB9}.Ad-Hoc|ARM.ActiveCfg = Ad-Hoc|iPhone
		{280663F4-62EB-4884-94B4-06BD547D0FB9}.Ad-Hoc|ARM.Build.0 = Ad-Hoc|iPhone
		{280663F4-62EB-4884-94B4-06BD547D0FB9}.Ad-Hoc|ARM.Deploy.0 = Ad-Hoc|iPhone
		{280663F4-62EB-4884-94B4-06BD547D0FB9}.Ad-Hoc|iPhone.ActiveCfg = Ad-Hoc|iPhone
		{280663F4-62EB-4884-94B4-06BD547D0FB9}.Ad-Hoc|iPhone.Build.0 = Ad-Hoc|iPhone
		{280663F4-62EB-4884-94B4-06BD547D0FB9}.Ad-Hoc|iPhone.Deploy.0 = Ad-Hoc|iPhone
		{280663F4-62EB-4884-94B4-06BD547D0FB9}.Ad-Hoc|iPhoneSimulator.ActiveCfg = Ad-Hoc|iPhoneSimulator
		{280663F4-62EB-4884-94B4-06BD547D0FB9}.Ad-Hoc|iPhoneSimulator.Build.0 = Ad-Hoc|iPhoneSimulator
		{280663F4-62EB-4884-94B4-06BD547D0FB9}.Ad-Hoc|iPhoneSimulator.Deploy.0 = Ad-Hoc|iPhoneSimulator
		{280663F4-62EB-4884-94B4-06BD547D0FB9}.Ad-Hoc|x64.ActiveCfg = Ad-Hoc|iPhone
		{280663F4-62EB-4884-94B4-06BD547D0FB9}.Ad-Hoc|x64.Build.0 = Ad-Hoc|iPhone
		{280663F4-62EB-4884-94B4-06BD547D0FB9}.Ad-Hoc|x64.Deploy.0 = Ad-Hoc|iPhone
		{280663F4-62EB-4884-94B4-06BD547D0FB9}.Ad-Hoc|x86.ActiveCfg = Ad-Hoc|iPhone
		{280663F4-62EB-4884-94B4-06BD547D0FB9}.Ad-Hoc|x86.Build.0 = Ad-Hoc|iPhone
		{280663F4-62EB-4884-94B4-06BD547D0FB9}.Ad-Hoc|x86.Deploy.0 = Ad-Hoc|iPhone
		{280663F4-62EB-4884-94B4-06BD547D0FB9}.AppStore|Any CPU.ActiveCfg = AppStore|iPhone
		{280663F4-62EB-4884-94B4-06BD547D0FB9}.AppStore|Any CPU.Build.0 = AppStore|iPhone
		{280663F4-62EB-4884-94B4-06BD547D0FB9}.AppStore|Any CPU.Deploy.0 = AppStore|iPhone
		{280663F4-62EB-4884-94B4-06BD547D0FB9}.AppStore|ARM.ActiveCfg = AppStore|iPhone
		{280663F4-62EB-4884-94B4-06BD547D0FB9}.AppStore|ARM.Build.0 = AppStore|iPhone
		{280663F4-62EB-4884-94B4-06BD547D0FB9}.AppStore|ARM.Deploy.0 = AppStore|iPhone
		{280663F4-62EB-4884-94B4-06BD547D0FB9}.AppStore|iPhone.ActiveCfg = AppStore|iPhone
		{280663F4-62EB-4884-94B4-06BD547D0FB9}.AppStore|iPhone.Build.0 = AppStore|iPhone
		{280663F4-62EB-4884-94B4-06BD547D0FB9}.AppStore|iPhone.Deploy.0 = AppStore|iPhone
		{280663F4-62EB-4884-94B4-06BD547D0FB9}.AppStore|iPhoneSimulator.ActiveCfg = AppStore|iPhoneSimulator
		{280663F4-62EB-4884-94B4-06BD547D0FB9}.AppStore|iPhoneSimulator.Build.0 = AppStore|iPhoneSimulator
		{280663F4-62EB-4884-94B4-06BD547D0FB9}.AppStore|iPhoneSimulator.Deploy.0 = AppStore|iPhoneSimulator
		{280663F4-62EB-4884-94B4-06BD547D0FB9}.AppStore|x64.ActiveCfg = AppStore|iPhone
		{280663F4-62EB-4884-94B4-06BD547D0FB9}.AppStore|x64.Build.0 = AppStore|iPhone
		{280663F4-62EB-4884-94B4-06BD547D0FB9}.AppStore|x64.Deploy.0 = AppStore|iPhone
		{280663F4-62EB-4884-94B4-06BD547D0FB9}.AppStore|x86.ActiveCfg = AppStore|iPhone
		{280663F4-62EB-4884-94B4-06BD547D0FB9}.AppStore|x86.Build.0 = AppStore|iPhone
		{280663F4-62EB-4884-94B4-06BD547D0FB9}.AppStore|x86.Deploy.0 = AppStore|iPhone
		{280663F4-62EB-4884-94B4-06BD547D0FB9}.Debug|Any CPU.ActiveCfg = Debug|iPhoneSimulator
		{280663F4-62EB-4884-94B4-06BD547D0FB9}.Debug|Any CPU.Build.0 = Debug|iPhoneSimulator
		{280663F4-62EB-4884-94B4-06BD547D0FB9}.Debug|Any CPU.Deploy.0 = Debug|iPhoneSimulator
		{280663F4-62EB-4884-94B4-06BD547D0FB9}.Debug|ARM.ActiveCfg = Debug|iPhone
		{280663F4-62EB-4884-94B4-06BD547D0FB9}.Debug|ARM.Build.0 = Debug|iPhone
		{280663F4-62EB-4884-94B4-06BD547D0FB9}.Debug|ARM.Deploy.0 = Debug|iPhone
		{280663F4-62EB-4884-94B4-06BD547D0FB9}.Debug|iPhone.ActiveCfg = Debug|iPhone
		{280663F4-62EB-4884-94B4-06BD547D0FB9}.Debug|iPhone.Build.0 = Debug|iPhone
		{280663F4-62EB-4884-94B4-06BD547D0FB9}.Debug|iPhone.Deploy.0 = Debug|iPhone
		{280663F4-62EB-4884-94B4-06BD547D0FB9}.Debug|iPhoneSimulator.ActiveCfg = Debug|iPhoneSimulator
		{280663F4-62EB-4884-94B4-06BD547D0FB9}.Debug|iPhoneSimulator.Build.0 = Debug|iPhoneSimulator
		{280663F4-62EB-4884-94B4-06BD547D0FB9}.Debug|iPhoneSimulator.Deploy.0 = Debug|iPhoneSimulator
		{280663F4-62EB-4884-94B4-06BD547D0FB9}.Debug|x64.ActiveCfg = Debug|iPhone
		{280663F4-62EB-4884-94B4-06BD547D0FB9}.Debug|x64.Build.0 = Debug|iPhone
		{280663F4-62EB-4884-94B4-06BD547D0FB9}.Debug|x64.Deploy.0 = Debug|iPhone
		{280663F4-62EB-4884-94B4-06BD547D0FB9}.Debug|x86.ActiveCfg = Debug|iPhone
		{280663F4-62EB-4884-94B4-06BD547D0FB9}.Debug|x86.Build.0 = Debug|iPhone
		{280663F4-62EB-4884-94B4-06BD547D0FB9}.Debug|x86.Deploy.0 = Debug|iPhone
		{280663F4-62EB-4884-94B4-06BD547D0FB9}.Release|Any CPU.ActiveCfg = Release|iPhone
		{280663F4-62EB-4884-94B4-06BD547D0FB9}.Release|Any CPU.Build.0 = Release|iPhone
		{280663F4-62EB-4884-94B4-06BD547D0FB9}.Release|Any CPU.Deploy.0 = Release|iPhone
		{280663F4-62EB-4884-94B4-06BD547D0FB9}.Release|ARM.ActiveCfg = Release|iPhone
		{280663F4-62EB-4884-94B4-06BD547D0FB9}.Release|ARM.Build.0 = Release|iPhone
		{280663F4-62EB-4884-94B4-06BD547D0FB9}.Release|ARM.Deploy.0 = Release|iPhone
		{280663F4-62EB-4884-94B4-06BD547D0FB9}.Release|iPhone.ActiveCfg = Release|iPhone
		{280663F4-62EB-4884-94B4-06BD547D0FB9}.Release|iPhone.Build.0 = Release|iPhone
		{280663F4-62EB-4884-94B4-06BD547D0FB9}.Release|iPhone.Deploy.0 = Release|iPhone
		{280663F4-62EB-4884-94B4-06BD547D0FB9}.Release|iPhoneSimulator.ActiveCfg = Release|iPhoneSimulator
		{280663F4-62EB-4884-94B4-06BD547D0FB9}.Release|iPhoneSimulator.Build.0 = Release|iPhoneSimulator
		{280663F4-62EB-4884-94B4-06BD547D0FB9}.Release|iPhoneSimulator.Deploy.0 = Release|iPhoneSimulator
		{280663F4-62EB-4884-94B4-06BD547D0FB9}.Release|x64.ActiveCfg = Release|iPhone
		{280663F4-62EB-4884-94B4-06BD547D0FB9}.Release|x64.Build.0 = Release|iPhone
		{280663F4-62EB-4884-94B4-06BD547D0FB9}.Release|x64.Deploy.0 = Release|iPhone
		{280663F4-62EB-4884-94B4-06BD547D0FB9}.Release|x86.ActiveCfg = Release|iPhone
		{280663F4-62EB-4884-94B4-06BD547D0FB9}.Release|x86.Build.0 = Release|iPhone
		{280663F4-62EB-4884-94B4-06BD547D0FB9}.Release|x86.Deploy.0 = Release|iPhone
		{44C0F704-3F60-4A21-A707-FEBEF2F52658}.Ad-Hoc|Any CPU.ActiveCfg = Release|x86
		{44C0F704-3F60-4A21-A707-FEBEF2F52658}.Ad-Hoc|Any CPU.Build.0 = Release|x86
		{44C0F704-3F60-4A21-A707-FEBEF2F52658}.Ad-Hoc|Any CPU.Deploy.0 = Release|x86
		{44C0F704-3F60-4A21-A707-FEBEF2F52658}.Ad-Hoc|ARM.ActiveCfg = Release|ARM
		{44C0F704-3F60-4A21-A707-FEBEF2F52658}.Ad-Hoc|ARM.Build.0 = Release|ARM
		{44C0F704-3F60-4A21-A707-FEBEF2F52658}.Ad-Hoc|ARM.Deploy.0 = Release|ARM
		{44C0F704-3F60-4A21-A707-FEBEF2F52658}.Ad-Hoc|iPhone.ActiveCfg = Release|x86
		{44C0F704-3F60-4A21-A707-FEBEF2F52658}.Ad-Hoc|iPhone.Build.0 = Release|x86
		{44C0F704-3F60-4A21-A707-FEBEF2F52658}.Ad-Hoc|iPhone.Deploy.0 = Release|x86
		{44C0F704-3F60-4A21-A707-FEBEF2F52658}.Ad-Hoc|iPhoneSimulator.ActiveCfg = Release|x86
		{44C0F704-3F60-4A21-A707-FEBEF2F52658}.Ad-Hoc|iPhoneSimulator.Build.0 = Release|x86
		{44C0F704-3F60-4A21-A707-FEBEF2F52658}.Ad-Hoc|iPhoneSimulator.Deploy.0 = Release|x86
		{44C0F704-3F60-4A21-A707-FEBEF2F52658}.Ad-Hoc|x64.ActiveCfg = Release|x64
		{44C0F704-3F60-4A21-A707-FEBEF2F52658}.Ad-Hoc|x64.Build.0 = Release|x64
		{44C0F704-3F60-4A21-A707-FEBEF2F52658}.Ad-Hoc|x64.Deploy.0 = Release|x64
		{44C0F704-3F60-4A21-A707-FEBEF2F52658}.Ad-Hoc|x86.ActiveCfg = Release|x86
		{44C0F704-3F60-4A21-A707-FEBEF2F52658}.Ad-Hoc|x86.Build.0 = Release|x86
		{44C0F704-3F60-4A21-A707-FEBEF2F52658}.Ad-Hoc|x86.Deploy.0 = Release|x86
		{44C0F704-3F60-4A21-A707-FEBEF2F52658}.AppStore|Any CPU.ActiveCfg = Release|x86
		{44C0F704-3F60-4A21-A707-FEBEF2F52658}.AppStore|Any CPU.Build.0 = Release|x86
		{44C0F704-3F60-4A21-A707-FEBEF2F52658}.AppStore|Any CPU.Deploy.0 = Release|x86
		{44C0F704-3F60-4A21-A707-FEBEF2F52658}.AppStore|ARM.ActiveCfg = Release|ARM
		{44C0F704-3F60-4A21-A707-FEBEF2F52658}.AppStore|ARM.Build.0 = Release|ARM
		{44C0F704-3F60-4A21-A707-FEBEF2F52658}.AppStore|ARM.Deploy.0 = Release|ARM
		{44C0F704-3F60-4A21-A707-FEBEF2F52658}.AppStore|iPhone.ActiveCfg = Release|x86
		{44C0F704-3F60-4A21-A707-FEBEF2F52658}.AppStore|iPhone.Build.0 = Release|x86
		{44C0F704-3F60-4A21-A707-FEBEF2F52658}.AppStore|iPhone.Deploy.0 = Release|x86
		{44C0F704-3F60-4A21-A707-FEBEF2F52658}.AppStore|iPhoneSimulator.ActiveCfg = Release|x86
		{44C0F704-3F60-4A21-A707-FEBEF2F52658}.AppStore|iPhoneSimulator.Build.0 = Release|x86
		{44C0F704-3F60-4A21-A707-FEBEF2F52658}.AppStore|iPhoneSimulator.Deploy.0 = Release|x86
		{44C0F704-3F60-4A21-A707-FEBEF2F52658}.AppStore|x64.ActiveCfg = Release|x64
		{44C0F704-3F60-4A21-A707-FEBEF2F52658}.AppStore|x64.Build.0 = Release|x64
		{44C0F704-3F60-4A21-A707-FEBEF2F52658}.AppStore|x64.Deploy.0 = Release|x64
		{44C0F704-3F60-4A21-A707-FEBEF2F52658}.AppStore|x86.ActiveCfg = Release|x86
		{44C0F704-3F60-4A21-A707-FEBEF2F52658}.AppStore|x86.Build.0 = Release|x86
		{44C0F704-3F60-4A21-A707-FEBEF2F52658}.AppStore|x86.Deploy.0 = Release|x86
		{44C0F704-3F60-4A21-A707-FEBEF2F52658}.Debug|Any CPU.ActiveCfg = Debug|x86
		{44C0F704-3F60-4A21-A707-FEBEF2F52658}.Debug|Any CPU.Build.0 = Debug|x86
		{44C0F704-3F60-4A21-A707-FEBEF2F52658}.Debug|Any CPU.Deploy.0 = Debug|x86
		{44C0F704-3F60-4A21-A707-FEBEF2F52658}.Debug|ARM.ActiveCfg = Debug|ARM
		{44C0F704-3F60-4A21-A707-FEBEF2F52658}.Debug|ARM.Build.0 = Debug|ARM
		{44C0F704-3F60-4A21-A707-FEBEF2F52658}.Debug|ARM.Deploy.0 = Debug|ARM
		{44C0F704-3F60-4A21-A707-FEBEF2F52658}.Debug|iPhone.ActiveCfg = Debug|x86
		{44C0F704-3F60-4A21-A707-FEBEF2F52658}.Debug|iPhone.Build.0 = Debug|x86
		{44C0F704-3F60-4A21-A707-FEBEF2F52658}.Debug|iPhone.Deploy.0 = Debug|x86
		{44C0F704-3F60-4A21-A707-FEBEF2F52658}.Debug|iPhoneSimulator.ActiveCfg = Debug|x86
		{44C0F704-3F60-4A21-A707-FEBEF2F52658}.Debug|iPhoneSimulator.Build.0 = Debug|x86
		{44C0F704-3F60-4A21-A707-FEBEF2F52658}.Debug|iPhoneSimulator.Deploy.0 = Debug|x86
		{44C0F704-3F60-4A21-A707-FEBEF2F52658}.Debug|x64.ActiveCfg = Debug|x64
		{44C0F704-3F60-4A21-A707-FEBEF2F52658}.Debug|x64.Build.0 = Debug|x64
		{44C0F704-3F60-4A21-A707-FEBEF2F52658}.Debug|x64.Deploy.0 = Debug|x64
		{44C0F704-3F60-4A21-A707-FEBEF2F52658}.Debug|x86.ActiveCfg = Debug|x86
		{44C0F704-3F60-4A21-A707-FEBEF2F52658}.Debug|x86.Build.0 = Debug|x86
		{44C0F704-3F60-4A21-A707-FEBEF2F52658}.Debug|x86.Deploy.0 = Debug|x86
		{44C0F704-3F60-4A21-A707-FEBEF2F52658}.Release|Any CPU.ActiveCfg = Release|x86
		{44C0F704-3F60-4A21-A707-FEBEF2F52658}.Release|Any CPU.Build.0 = Release|x86
		{44C0F704-3F60-4A21-A707-FEBEF2F52658}.Release|Any CPU.Deploy.0 = Release|x86
		{44C0F704-3F60-4A21-A707-FEBEF2F52658}.Release|ARM.ActiveCfg = Release|ARM
		{44C0F704-3F60-4A21-A707-FEBEF2F52658}.Release|ARM.Build.0 = Release|ARM
		{44C0F704-3F60-4A21-A707-FEBEF2F52658}.Release|ARM.Deploy.0 = Release|ARM
		{44C0F704-3F60-4A21-A707-FEBEF2F52658}.Release|iPhone.ActiveCfg = Release|x86
		{44C0F704-3F60-4A21-A707-FEBEF2F52658}.Release|iPhone.Build.0 = Release|x86
		{44C0F704-3F60-4A21-A707-FEBEF2F52658}.Release|iPhone.Deploy.0 = Release|x86
		{44C0F704-3F60-4A21-A707-FEBEF2F52658}.Release|iPhoneSimulator.ActiveCfg = Release|x86
		{44C0F704-3F60-4A21-A707-FEBEF2F52658}.Release|iPhoneSimulator.Build.0 = Release|x86
		{44C0F704-3F60-4A21-A707-FEBEF2F52658}.Release|iPhoneSimulator.Deploy.0 = Release|x86
		{44C0F704-3F60-4A21-A707-FEBEF2F52658}.Release|x64.ActiveCfg = Release|x64
		{44C0F704-3F60-4A21-A707-FEBEF2F52658}.Release|x64.Build.0 = Release|x64
		{44C0F704-3F60-4A21-A707-FEBEF2F52658}.Release|x64.Deploy.0 = Release|x64
		{44C0F704-3F60-4A21-A707-FEBEF2F52658}.Release|x86.ActiveCfg = Release|x86
		{44C0F704-3F60-4A21-A707-FEBEF2F52658}.Release|x86.Build.0 = Release|x86
		{44C0F704-3F60-4A21-A707-FEBEF2F52658}.Release|x86.Deploy.0 = Release|x86
		{E60C6F13-64F6-4301-AB7D-A28B704BD18B}.Ad-Hoc|Any CPU.ActiveCfg = Debug|Any CPU
		{E60C6F13-64F6-4301-AB7D-A28B704BD18B}.Ad-Hoc|Any CPU.Build.0 = Debug|Any CPU
		{E60C6F13-64F6-4301-AB7D-A28B704BD18B}.Ad-Hoc|Any CPU.Deploy.0 = Debug|Any CPU
		{E60C6F13-64F6-4301-AB7D-A28B704BD18B}.Ad-Hoc|ARM.ActiveCfg = Debug|Any CPU
		{E60C6F13-64F6-4301-AB7D-A28B704BD18B}.Ad-Hoc|ARM.Build.0 = Debug|Any CPU
		{E60C6F13-64F6-4301-AB7D-A28B704BD18B}.Ad-Hoc|ARM.Deploy.0 = Debug|Any CPU
		{E60C6F13-64F6-4301-AB7D-A28B704BD18B}.Ad-Hoc|iPhone.ActiveCfg = Debug|Any CPU
		{E60C6F13-64F6-4301-AB7D-A28B704BD18B}.Ad-Hoc|iPhone.Build.0 = Debug|Any CPU
		{E60C6F13-64F6-4301-AB7D-A28B704BD18B}.Ad-Hoc|iPhone.Deploy.0 = Debug|Any CPU
		{E60C6F13-64F6-4301-AB7D-A28B704BD18B}.Ad-Hoc|iPhoneSimulator.ActiveCfg = Debug|Any CPU
		{E60C6F13-64F6-4301-AB7D-A28B704BD18B}.Ad-Hoc|iPhoneSimulator.Build.0 = Debug|Any CPU
		{E60C6F13-64F6-4301-AB7D-A28B704BD18B}.Ad-Hoc|iPhoneSimulator.Deploy.0 = Debug|Any CPU
		{E60C6F13-64F6-4301-AB7D-A28B704BD18B}.Ad-Hoc|x64.ActiveCfg = Debug|Any CPU
		{E60C6F13-64F6-4301-AB7D-A28B704BD18B}.Ad-Hoc|x64.Build.0 = Debug|Any CPU
		{E60C6F13-64F6-4301-AB7D-A28B704BD18B}.Ad-Hoc|x64.Deploy.0 = Debug|Any CPU
		{E60C6F13-64F6-4301-AB7D-A28B704BD18B}.Ad-Hoc|x86.ActiveCfg = Debug|Any CPU
		{E60C6F13-64F6-4301-AB7D-A28B704BD18B}.Ad-Hoc|x86.Build.0 = Debug|Any CPU
		{E60C6F13-64F6-4301-AB7D-A28B704BD18B}.Ad-Hoc|x86.Deploy.0 = Debug|Any CPU
		{E60C6F13-64F6-4301-AB7D-A28B704BD18B}.AppStore|Any CPU.ActiveCfg = Debug|Any CPU
		{E60C6F13-64F6-4301-AB7D-A28B704BD18B}.AppStore|Any CPU.Build.0 = Debug|Any CPU
		{E60C6F13-64F6-4301-AB7D-A28B704BD18B}.AppStore|Any CPU.Deploy.0 = Debug|Any CPU
		{E60C6F13-64F6-4301-AB7D-A28B704BD18B}.AppStore|ARM.ActiveCfg = Debug|Any CPU
		{E60C6F13-64F6-4301-AB7D-A28B704BD18B}.AppStore|ARM.Build.0 = Debug|Any CPU
		{E60C6F13-64F6-4301-AB7D-A28B704BD18B}.AppStore|ARM.Deploy.0 = Debug|Any CPU
		{E60C6F13-64F6-4301-AB7D-A28B704BD18B}.AppStore|iPhone.ActiveCfg = Debug|Any CPU
		{E60C6F13-64F6-4301-AB7D-A28B704BD18B}.AppStore|iPhone.Build.0 = Debug|Any CPU
		{E60C6F13-64F6-4301-AB7D-A28B704BD18B}.AppStore|iPhone.Deploy.0 = Debug|Any CPU
		{E60C6F13-64F6-4301-AB7D-A28B704BD18B}.AppStore|iPhoneSimulator.ActiveCfg = Debug|Any CPU
		{E60C6F13-64F6-4301-AB7D-A28B704BD18B}.AppStore|iPhoneSimulator.Build.0 = Debug|Any CPU
		{E60C6F13-64F6-4301-AB7D-A28B704BD18B}.AppStore|iPhoneSimulator.Deploy.0 = Debug|Any CPU
		{E60C6F13-64F6-4301-AB7D-A28B704BD18B}.AppStore|x64.ActiveCfg = Debug|Any CPU
		{E60C6F13-64F6-4301-AB7D-A28B704BD18B}.AppStore|x64.Build.0 = Debug|Any CPU
		{E60C6F13-64F6-4301-AB7D-A28B704BD18B}.AppStore|x64.Deploy.0 = Debug|Any CPU
		{E60C6F13-64F6-4301-AB7D-A28B704BD18B}.AppStore|x86.ActiveCfg = Debug|Any CPU
		{E60C6F13-64F6-4301-AB7D-A28B704BD18B}.AppStore|x86.Build.0 = Debug|Any CPU
		{E60C6F13-64F6-4301-AB7D-A28B704BD18B}.AppStore|x86.Deploy.0 = Debug|Any CPU
		{E60C6F13-64F6-4301-AB7D-A28B704BD18B}.Debug|Any CPU.ActiveCfg = Debug|Any CPU
		{E60C6F13-64F6-4301-AB7D-A28B704BD18B}.Debug|Any CPU.Build.0 = Debug|Any CPU
		{E60C6F13-64F6-4301-AB7D-A28B704BD18B}.Debug|Any CPU.Deploy.0 = Debug|Any CPU
		{E60C6F13-64F6-4301-AB7D-A28B704BD18B}.Debug|ARM.ActiveCfg = Debug|Any CPU
		{E60C6F13-64F6-4301-AB7D-A28B704BD18B}.Debug|ARM.Build.0 = Debug|Any CPU
		{E60C6F13-64F6-4301-AB7D-A28B704BD18B}.Debug|ARM.Deploy.0 = Debug|Any CPU
		{E60C6F13-64F6-4301-AB7D-A28B704BD18B}.Debug|iPhone.ActiveCfg = Debug|Any CPU
		{E60C6F13-64F6-4301-AB7D-A28B704BD18B}.Debug|iPhone.Build.0 = Debug|Any CPU
		{E60C6F13-64F6-4301-AB7D-A28B704BD18B}.Debug|iPhone.Deploy.0 = Debug|Any CPU
		{E60C6F13-64F6-4301-AB7D-A28B704BD18B}.Debug|iPhoneSimulator.ActiveCfg = Debug|Any CPU
		{E60C6F13-64F6-4301-AB7D-A28B704BD18B}.Debug|iPhoneSimulator.Build.0 = Debug|Any CPU
		{E60C6F13-64F6-4301-AB7D-A28B704BD18B}.Debug|iPhoneSimulator.Deploy.0 = Debug|Any CPU
		{E60C6F13-64F6-4301-AB7D-A28B704BD18B}.Debug|x64.ActiveCfg = Debug|Any CPU
		{E60C6F13-64F6-4301-AB7D-A28B704BD18B}.Debug|x64.Build.0 = Debug|Any CPU
		{E60C6F13-64F6-4301-AB7D-A28B704BD18B}.Debug|x64.Deploy.0 = Debug|Any CPU
		{E60C6F13-64F6-4301-AB7D-A28B704BD18B}.Debug|x86.ActiveCfg = Debug|Any CPU
		{E60C6F13-64F6-4301-AB7D-A28B704BD18B}.Debug|x86.Build.0 = Debug|Any CPU
		{E60C6F13-64F6-4301-AB7D-A28B704BD18B}.Debug|x86.Deploy.0 = Debug|Any CPU
		{E60C6F13-64F6-4301-AB7D-A28B704BD18B}.Release|Any CPU.ActiveCfg = Release|Any CPU
		{E60C6F13-64F6-4301-AB7D-A28B704BD18B}.Release|Any CPU.Build.0 = Release|Any CPU
		{E60C6F13-64F6-4301-AB7D-A28B704BD18B}.Release|Any CPU.Deploy.0 = Release|Any CPU
		{E60C6F13-64F6-4301-AB7D-A28B704BD18B}.Release|ARM.ActiveCfg = Release|Any CPU
		{E60C6F13-64F6-4301-AB7D-A28B704BD18B}.Release|ARM.Build.0 = Release|Any CPU
		{E60C6F13-64F6-4301-AB7D-A28B704BD18B}.Release|ARM.Deploy.0 = Release|Any CPU
		{E60C6F13-64F6-4301-AB7D-A28B704BD18B}.Release|iPhone.ActiveCfg = Release|Any CPU
		{E60C6F13-64F6-4301-AB7D-A28B704BD18B}.Release|iPhone.Build.0 = Release|Any CPU
		{E60C6F13-64F6-4301-AB7D-A28B704BD18B}.Release|iPhone.Deploy.0 = Release|Any CPU
		{E60C6F13-64F6-4301-AB7D-A28B704BD18B}.Release|iPhoneSimulator.ActiveCfg = Release|Any CPU
		{E60C6F13-64F6-4301-AB7D-A28B704BD18B}.Release|iPhoneSimulator.Build.0 = Release|Any CPU
		{E60C6F13-64F6-4301-AB7D-A28B704BD18B}.Release|iPhoneSimulator.Deploy.0 = Release|Any CPU
		{E60C6F13-64F6-4301-AB7D-A28B704BD18B}.Release|x64.ActiveCfg = Release|Any CPU
		{E60C6F13-64F6-4301-AB7D-A28B704BD18B}.Release|x64.Build.0 = Release|Any CPU
		{E60C6F13-64F6-4301-AB7D-A28B704BD18B}.Release|x64.Deploy.0 = Release|Any CPU
		{E60C6F13-64F6-4301-AB7D-A28B704BD18B}.Release|x86.ActiveCfg = Release|Any CPU
		{E60C6F13-64F6-4301-AB7D-A28B704BD18B}.Release|x86.Build.0 = Release|Any CPU
		{E60C6F13-64F6-4301-AB7D-A28B704BD18B}.Release|x86.Deploy.0 = Release|Any CPU
	EndGlobalSection
	GlobalSection(SolutionProperties) = preSolution
		HideSolutionNode = FALSE
	EndGlobalSection
	GlobalSection(ExtensibilityGlobals) = postSolution
		SolutionGuid = {6CB739C4-36E6-4449-B6BD-4588CC9821FD}
	EndGlobalSection
EndGlobal
